// !$*UTF8*$!
{
	archiveVersion = 1;
	classes = {
	};
	objectVersion = 50;
	objects = {

/* Begin PBXBuildFile section */
		84312B4B226215B6001E3B14 /* AppDelegate.swift in Sources */ = {isa = PBXBuildFile; fileRef = 84312B4A226215B6001E3B14 /* AppDelegate.swift */; };
		84312B4D226215B6001E3B14 /* MainVC.swift in Sources */ = {isa = PBXBuildFile; fileRef = 84312B4C226215B6001E3B14 /* MainVC.swift */; };
		84312B52226215B9001E3B14 /* Assets.xcassets in Resources */ = {isa = PBXBuildFile; fileRef = 84312B51226215B9001E3B14 /* Assets.xcassets */; };
		84312B55226215B9001E3B14 /* LaunchScreen.storyboard in Resources */ = {isa = PBXBuildFile; fileRef = 84312B53226215B9001E3B14 /* LaunchScreen.storyboard */; };
		8435EBDD22634E1100B9317C /* Extensions.swift in Sources */ = {isa = PBXBuildFile; fileRef = 8435EBDC22634E1100B9317C /* Extensions.swift */; };
		8435EBE022635C6B00B9317C /* cellData.swift in Sources */ = {isa = PBXBuildFile; fileRef = 8435EBDF22635C6B00B9317C /* cellData.swift */; };
		8435EBE2226367F900B9317C /* JsonData.swift in Sources */ = {isa = PBXBuildFile; fileRef = 8435EBE1226367F900B9317C /* JsonData.swift */; };
		8435EBE52263762D00B9317C /* DataService.swift in Sources */ = {isa = PBXBuildFile; fileRef = 8435EBE42263762D00B9317C /* DataService.swift */; };
		8435EBE722637BAA00B9317C /* Enum.swift in Sources */ = {isa = PBXBuildFile; fileRef = 8435EBE622637BAA00B9317C /* Enum.swift */; };
		8435EBE922637CAF00B9317C /* DoctorsUrl.swift in Sources */ = {isa = PBXBuildFile; fileRef = 8435EBE822637CAF00B9317C /* DoctorsUrl.swift */; };
		8435EBEB2263834000B9317C /* DoctorsApi.swift in Sources */ = {isa = PBXBuildFile; fileRef = 8435EBEA2263834000B9317C /* DoctorsApi.swift */; };
		8435EBED2263B6E500B9317C /* DoctorCell.swift in Sources */ = {isa = PBXBuildFile; fileRef = 8435EBEC2263B6E500B9317C /* DoctorCell.swift */; };
		8435EBEF2263BBD600B9317C /* CustomImage.swift in Sources */ = {isa = PBXBuildFile; fileRef = 8435EBEE2263BBD600B9317C /* CustomImage.swift */; };
/* End PBXBuildFile section */

/* Begin PBXFileReference section */
		84312B47226215B6001E3B14 /* Think360.app */ = {isa = PBXFileReference; explicitFileType = wrapper.application; includeInIndex = 0; path = Think360.app; sourceTree = BUILT_PRODUCTS_DIR; };
		84312B4A226215B6001E3B14 /* AppDelegate.swift */ = {isa = PBXFileReference; lastKnownFileType = sourcecode.swift; path = AppDelegate.swift; sourceTree = "<group>"; };
		84312B4C226215B6001E3B14 /* MainVC.swift */ = {isa = PBXFileReference; lastKnownFileType = sourcecode.swift; path = MainVC.swift; sourceTree = "<group>"; };
		84312B51226215B9001E3B14 /* Assets.xcassets */ = {isa = PBXFileReference; lastKnownFileType = folder.assetcatalog; path = Assets.xcassets; sourceTree = "<group>"; };
		84312B54226215B9001E3B14 /* Base */ = {isa = PBXFileReference; lastKnownFileType = file.storyboard; name = Base; path = Base.lproj/LaunchScreen.storyboard; sourceTree = "<group>"; };
		84312B56226215B9001E3B14 /* Info.plist */ = {isa = PBXFileReference; lastKnownFileType = text.plist.xml; path = Info.plist; sourceTree = "<group>"; };
		8435EBDC22634E1100B9317C /* Extensions.swift */ = {isa = PBXFileReference; lastKnownFileType = sourcecode.swift; path = Extensions.swift; sourceTree = "<group>"; };
		8435EBDF22635C6B00B9317C /* cellData.swift */ = {isa = PBXFileReference; lastKnownFileType = sourcecode.swift; path = cellData.swift; sourceTree = "<group>"; };
		8435EBE1226367F900B9317C /* JsonData.swift */ = {isa = PBXFileReference; lastKnownFileType = sourcecode.swift; path = JsonData.swift; sourceTree = "<group>"; };
		8435EBE42263762D00B9317C /* DataService.swift */ = {isa = PBXFileReference; lastKnownFileType = sourcecode.swift; path = DataService.swift; sourceTree = "<group>"; };
		8435EBE622637BAA00B9317C /* Enum.swift */ = {isa = PBXFileReference; lastKnownFileType = sourcecode.swift; path = Enum.swift; sourceTree = "<group>"; };
		8435EBE822637CAF00B9317C /* DoctorsUrl.swift */ = {isa = PBXFileReference; lastKnownFileType = sourcecode.swift; path = DoctorsUrl.swift; sourceTree = "<group>"; };
		8435EBEA2263834000B9317C /* DoctorsApi.swift */ = {isa = PBXFileReference; lastKnownFileType = sourcecode.swift; path = DoctorsApi.swift; sourceTree = "<group>"; };
		8435EBEC2263B6E500B9317C /* DoctorCell.swift */ = {isa = PBXFileReference; lastKnownFileType = sourcecode.swift; path = DoctorCell.swift; sourceTree = "<group>"; };
		8435EBEE2263BBD600B9317C /* CustomImage.swift */ = {isa = PBXFileReference; lastKnownFileType = sourcecode.swift; path = CustomImage.swift; sourceTree = "<group>"; };
/* End PBXFileReference section */

/* Begin PBXFrameworksBuildPhase section */
		84312B44226215B6001E3B14 /* Frameworks */ = {
			isa = PBXFrameworksBuildPhase;
			buildActionMask = 2147483647;
			files = (
			);
			runOnlyForDeploymentPostprocessing = 0;
		};
/* End PBXFrameworksBuildPhase section */

/* Begin PBXGroup section */
		84312B3E226215B6001E3B14 = {
			isa = PBXGroup;
			children = (
				84312B49226215B6001E3B14 /* Think360 */,
				84312B48226215B6001E3B14 /* Products */,
			);
			sourceTree = "<group>";
		};
		84312B48226215B6001E3B14 /* Products */ = {
			isa = PBXGroup;
			children = (
				84312B47226215B6001E3B14 /* Think360.app */,
			);
			name = Products;
			sourceTree = "<group>";
		};
		84312B49226215B6001E3B14 /* Think360 */ = {
			isa = PBXGroup;
			children = (
				8435EBE32263741900B9317C /* Service */,
				8435EBDE22634E5D00B9317C /* Source */,
				8435EBDB22634DFD00B9317C /* Model */,
				8435EBDA22634DF100B9317C /* View */,
				8435EBD922634DDD00B9317C /* Controller */,
				84312B56226215B9001E3B14 /* Info.plist */,
			);
			path = Think360;
			sourceTree = "<group>";
		};
		8432BB352264164B0016F0B9 /* DoctorsCellData */ = {
			isa = PBXGroup;
			children = (
				8435EBDF22635C6B00B9317C /* cellData.swift */,
			);
			path = DoctorsCellData;
			sourceTree = "<group>";
		};
		8432BB36226416640016F0B9 /* DoctorCell */ = {
			isa = PBXGroup;
			children = (
				8435EBEC2263B6E500B9317C /* DoctorCell.swift */,
			);
			path = DoctorCell;
			sourceTree = "<group>";
		};
		8435EBD922634DDD00B9317C /* Controller */ = {
			isa = PBXGroup;
			children = (
				84312B4C226215B6001E3B14 /* MainVC.swift */,
			);
			path = Controller;
			sourceTree = "<group>";
		};
		8435EBDA22634DF100B9317C /* View */ = {
			isa = PBXGroup;
			children = (
				8432BB36226416640016F0B9 /* DoctorCell */,
				8435EBDC22634E1100B9317C /* Extensions.swift */,
				84312B53226215B9001E3B14 /* LaunchScreen.storyboard */,
				84312B51226215B9001E3B14 /* Assets.xcassets */,
				8435EBEE2263BBD600B9317C /* CustomImage.swift */,
			);
			path = View;
			sourceTree = "<group>";
		};
		8435EBDB22634DFD00B9317C /* Model */ = {
			isa = PBXGroup;
			children = (
				8432BB352264164B0016F0B9 /* DoctorsCellData */,
				8435EBE1226367F900B9317C /* JsonData.swift */,
				8435EBE622637BAA00B9317C /* Enum.swift */,
			);
			path = Model;
			sourceTree = "<group>";
		};
		8435EBDE22634E5D00B9317C /* Source */ = {
			isa = PBXGroup;
			children = (
				84312B4A226215B6001E3B14 /* AppDelegate.swift */,
			);
			path = Source;
			sourceTree = "<group>";
		};
		8435EBE32263741900B9317C /* Service */ = {
			isa = PBXGroup;
			children = (
				8435EBE42263762D00B9317C /* DataService.swift */,
				8435EBE822637CAF00B9317C /* DoctorsUrl.swift */,
				8435EBEA2263834000B9317C /* DoctorsApi.swift */,
			);
			path = Service;
			sourceTree = "<group>";
		};
/* End PBXGroup section */

/* Begin PBXNativeTarget section */
		84312B46226215B6001E3B14 /* Think360 */ = {
			isa = PBXNativeTarget;
			buildConfigurationList = 84312B59226215B9001E3B14 /* Build configuration list for PBXNativeTarget "Think360" */;
			buildPhases = (
				84312B43226215B6001E3B14 /* Sources */,
				84312B44226215B6001E3B14 /* Frameworks */,
				84312B45226215B6001E3B14 /* Resources */,
			);
			buildRules = (
			);
			dependencies = (
			);
			name = Think360;
			productName = Think360;
			productReference = 84312B47226215B6001E3B14 /* Think360.app */;
			productType = "com.apple.product-type.application";
		};
/* End PBXNativeTarget section */

/* Begin PBXProject section */
		84312B3F226215B6001E3B14 /* Project object */ = {
			isa = PBXProject;
			attributes = {
				LastSwiftUpdateCheck = 1010;
				LastUpgradeCheck = 1010;
				ORGANIZATIONNAME = AcknoTech;
				TargetAttributes = {
					84312B46226215B6001E3B14 = {
						CreatedOnToolsVersion = 10.1;
					};
				};
			};
			buildConfigurationList = 84312B42226215B6001E3B14 /* Build configuration list for PBXProject "Think360" */;
			compatibilityVersion = "Xcode 9.3";
			developmentRegion = en;
			hasScannedForEncodings = 0;
			knownRegions = (
				en,
				Base,
			);
			mainGroup = 84312B3E226215B6001E3B14;
			productRefGroup = 84312B48226215B6001E3B14 /* Products */;
			projectDirPath = "";
			projectRoot = "";
			targets = (
				84312B46226215B6001E3B14 /* Think360 */,
			);
		};
/* End PBXProject section */

/* Begin PBXResourcesBuildPhase section */
		84312B45226215B6001E3B14 /* Resources */ = {
			isa = PBXResourcesBuildPhase;
			buildActionMask = 2147483647;
			files = (
				84312B55226215B9001E3B14 /* LaunchScreen.storyboard in Resources */,
				84312B52226215B9001E3B14 /* Assets.xcassets in Resources */,
			);
			runOnlyForDeploymentPostprocessing = 0;
		};
/* End PBXResourcesBuildPhase section */

/* Begin PBXSourcesBuildPhase section */
		84312B43226215B6001E3B14 /* Sources */ = {
			isa = PBXSourcesBuildPhase;
			buildActionMask = 2147483647;
			files = (
				84312B4D226215B6001E3B14 /* MainVC.swift in Sources */,
				8435EBEB2263834000B9317C /* DoctorsApi.swift in Sources */,
				8435EBDD22634E1100B9317C /* Extensions.swift in Sources */,
				8435EBEF2263BBD600B9317C /* CustomImage.swift in Sources */,
				84312B4B226215B6001E3B14 /* AppDelegate.swift in Sources */,
				8435EBED2263B6E500B9317C /* DoctorCell.swift in Sources */,
				8435EBE922637CAF00B9317C /* DoctorsUrl.swift in Sources */,
				8435EBE52263762D00B9317C /* DataService.swift in Sources */,
				8435EBE722637BAA00B9317C /* Enum.swift in Sources */,
				8435EBE022635C6B00B9317C /* cellData.swift in Sources */,
				8435EBE2226367F900B9317C /* JsonData.swift in Sources */,
			);
			runOnlyForDeploymentPostprocessing = 0;
		};
/* End PBXSourcesBuildPhase section */

/* Begin PBXVariantGroup section */
		84312B53226215B9001E3B14 /* LaunchScreen.storyboard */ = {
			isa = PBXVariantGroup;
			children = (
				84312B54226215B9001E3B14 /* Base */,
			);
			name = LaunchScreen.storyboard;
			sourceTree = "<group>";
		};
/* End PBXVariantGroup section */

/* Begin XCBuildConfiguration section */
		84312B57226215B9001E3B14 /* Debug */ = {
			isa = XCBuildConfiguration;
			buildSettings = {
				ALWAYS_SEARCH_USER_PATHS = NO;
				CLANG_ANALYZER_NONNULL = YES;
				CLANG_ANALYZER_NUMBER_OBJECT_CONVERSION = YES_AGGRESSIVE;
				CLANG_CXX_LANGUAGE_STANDARD = "gnu++14";
				CLANG_CXX_LIBRARY = "libc++";
				CLANG_ENABLE_MODULES = YES;
				CLANG_ENABLE_OBJC_ARC = YES;
				CLANG_ENABLE_OBJC_WEAK = YES;
				CLANG_WARN_BLOCK_CAPTURE_AUTORELEASING = YES;
				CLANG_WARN_BOOL_CONVERSION = YES;
				CLANG_WARN_COMMA = YES;
				CLANG_WARN_CONSTANT_CONVERSION = YES;
				CLANG_WARN_DEPRECATED_OBJC_IMPLEMENTATIONS = YES;
				CLANG_WARN_DIRECT_OBJC_ISA_USAGE = YES_ERROR;
				CLANG_WARN_DOCUMENTATION_COMMENTS = YES;
				CLANG_WARN_EMPTY_BODY = YES;
				CLANG_WARN_ENUM_CONVERSION = YES;
				CLANG_WARN_INFINITE_RECURSION = YES;
				CLANG_WARN_INT_CONVERSION = YES;
				CLANG_WARN_NON_LITERAL_NULL_CONVERSION = YES;
				CLANG_WARN_OBJC_IMPLICIT_RETAIN_SELF = YES;
				CLANG_WARN_OBJC_LITERAL_CONVERSION = YES;
				CLANG_WARN_OBJC_ROOT_CLASS = YES_ERROR;
				CLANG_WARN_RANGE_LOOP_ANALYSIS = YES;
				CLANG_WARN_STRICT_PROTOTYPES = YES;
				CLANG_WARN_SUSPICIOUS_MOVE = YES;
				CLANG_WARN_UNGUARDED_AVAILABILITY = YES_AGGRESSIVE;
				CLANG_WARN_UNREACHABLE_CODE = YES;
				CLANG_WARN__DUPLICATE_METHOD_MATCH = YES;
				CODE_SIGN_IDENTITY = "iPhone Developer";
				COPY_PHASE_STRIP = NO;
				DEBUG_INFORMATION_FORMAT = dwarf;
				ENABLE_STRICT_OBJC_MSGSEND = YES;
				ENABLE_TESTABILITY = YES;
				GCC_C_LANGUAGE_STANDARD = gnu11;
				GCC_DYNAMIC_NO_PIC = NO;
				GCC_NO_COMMON_BLOCKS = YES;
				GCC_OPTIMIZATION_LEVEL = 0;
				GCC_PREPROCESSOR_DEFINITIONS = (
					"DEBUG=1",
					"$(inherited)",
				);
				GCC_WARN_64_TO_32_BIT_CONVERSION = YES;
				GCC_WARN_ABOUT_RETURN_TYPE = YES_ERROR;
				GCC_WARN_UNDECLARED_SELECTOR = YES;
				GCC_WARN_UNINITIALIZED_AUTOS = YES_AGGRESSIVE;
				GCC_WARN_UNUSED_FUNCTION = YES;
				GCC_WARN_UNUSED_VARIABLE = YES;
				IPHONEOS_DEPLOYMENT_TARGET = 12.1;
				MTL_ENABLE_DEBUG_INFO = INCLUDE_SOURCE;
				MTL_FAST_MATH = YES;
				ONLY_ACTIVE_ARCH = YES;
				SDKROOT = iphoneos;
				SWIFT_ACTIVE_COMPILATION_CONDITIONS = DEBUG;
				SWIFT_OPTIMIZATION_LEVEL = "-Onone";
			};
			name = Debug;
		};
		84312B58226215B9001E3B14 /* Release */ = {
			isa = XCBuildConfiguration;
			buildSettings = {
				ALWAYS_SEARCH_USER_PATHS = NO;
				CLANG_ANALYZER_NONNULL = YES;
				CLANG_ANALYZER_NUMBER_OBJECT_CONVERSION = YES_AGGRESSIVE;
				CLANG_CXX_LANGUAGE_STANDARD = "gnu++14";
				CLANG_CXX_LIBRARY = "libc++";
				CLANG_ENABLE_MODULES = YES;
				CLANG_ENABLE_OBJC_ARC = YES;
				CLANG_ENABLE_OBJC_WEAK = YES;
				CLANG_WARN_BLOCK_CAPTURE_AUTORELEASING = YES;
				CLANG_WARN_BOOL_CONVERSION = YES;
				CLANG_WARN_COMMA = YES;
				CLANG_WARN_CONSTANT_CONVERSION = YES;
				CLANG_WARN_DEPRECATED_OBJC_IMPLEMENTATIONS = YES;
				CLANG_WARN_DIRECT_OBJC_ISA_USAGE = YES_ERROR;
				CLANG_WARN_DOCUMENTATION_COMMENTS = YES;
				CLANG_WARN_EMPTY_BODY = YES;
				CLANG_WARN_ENUM_CONVERSION = YES;
				CLANG_WARN_INFINITE_RECURSION = YES;
				CLANG_WARN_INT_CONVERSION = YES;
				CLANG_WARN_NON_LITERAL_NULL_CONVERSION = YES;
				CLANG_WARN_OBJC_IMPLICIT_RETAIN_SELF = YES;
				CLANG_WARN_OBJC_LITERAL_CONVERSION = YES;
				CLANG_WARN_OBJC_ROOT_CLASS = YES_ERROR;
				CLANG_WARN_RANGE_LOOP_ANALYSIS = YES;
				CLANG_WARN_STRICT_PROTOTYPES = YES;
				CLANG_WARN_SUSPICIOUS_MOVE = YES;
				CLANG_WARN_UNGUARDED_AVAILABILITY = YES_AGGRESSIVE;
				CLANG_WARN_UNREACHABLE_CODE = YES;
				CLANG_WARN__DUPLICATE_METHOD_MATCH = YES;
				CODE_SIGN_IDENTITY = "iPhone Developer";
				COPY_PHASE_STRIP = NO;
				DEBUG_INFORMATION_FORMAT = "dwarf-with-dsym";
				ENABLE_NS_ASSERTIONS = NO;
				ENABLE_STRICT_OBJC_MSGSEND = YES;
				GCC_C_LANGUAGE_STANDARD = gnu11;
				GCC_NO_COMMON_BLOCKS = YES;
				GCC_WARN_64_TO_32_BIT_CONVERSION = YES;
				GCC_WARN_ABOUT_RETURN_TYPE = YES_ERROR;
				GCC_WARN_UNDECLARED_SELECTOR = YES;
				GCC_WARN_UNINITIALIZED_AUTOS = YES_AGGRESSIVE;
				GCC_WARN_UNUSED_FUNCTION = YES;
				GCC_WARN_UNUSED_VARIABLE = YES;
				IPHONEOS_DEPLOYMENT_TARGET = 12.1;
				MTL_ENABLE_DEBUG_INFO = NO;
				MTL_FAST_MATH = YES;
				SDKROOT = iphoneos;
				SWIFT_COMPILATION_MODE = wholemodule;
				SWIFT_OPTIMIZATION_LEVEL = "-O";
				VALIDATE_PRODUCT = YES;
			};
			name = Release;
		};
		84312B5A226215B9001E3B14 /* Debug */ = {
			isa = XCBuildConfiguration;
			buildSettings = {
				ASSETCATALOG_COMPILER_APPICON_NAME = AppIcon;
				CODE_SIGN_STYLE = Automatic;
				DEVELOPMENT_TEAM = 4WQ87WW69X;
				INFOPLIST_FILE = Think360/Info.plist;
				LD_RUNPATH_SEARCH_PATHS = (
					"$(inherited)",
					"@executable_path/Frameworks",
				);
				PRODUCT_BUNDLE_IDENTIFIER = com.AcknoTechRealMilkProject.Think360;
				PRODUCT_NAME = "$(TARGET_NAME)";
				SWIFT_VERSION = 4.2;
				TARGETED_DEVICE_FAMILY = "1,2";
			};
			name = Debug;
		};
		84312B5B226215B9001E3B14 /* Release */ = {
			isa = XCBuildConfiguration;
			buildSettings = {
				ASSETCATALOG_COMPILER_APPICON_NAME = AppIcon;
				CODE_SIGN_STYLE = Automatic;
				DEVELOPMENT_TEAM = 4WQ87WW69X;
				INFOPLIST_FILE = Think360/Info.plist;
				LD_RUNPATH_SEARCH_PATHS = (
					"$(inherited)",
					"@executable_path/Frameworks",
				);
				PRODUCT_BUNDLE_IDENTIFIER = com.AcknoTechRealMilkProject.Think360;
				PRODUCT_NAME = "$(TARGET_NAME)";
				SWIFT_VERSION = 4.2;
				TARGETED_DEVICE_FAMILY = "1,2";
			};
			name = Release;
		};
/* End XCBuildConfiguration section */

/* Begin XCConfigurationList section */
		84312B42226215B6001E3B14 /* Build configuration list for PBXProject "Think360" */ = {
			isa = XCConfigurationList;
			buildConfigurations = (
				84312B57226215B9001E3B14 /* Debug */,
				84312B58226215B9001E3B14 /* Release */,
			);
			defaultConfigurationIsVisible = 0;
			defaultConfigurationName = Release;
		};
		84312B59226215B9001E3B14 /* Build configuration list for PBXNativeTarget "Think360" */ = {
			isa = XCConfigurationList;
			buildConfigurations = (
				84312B5A226215B9001E3B14 /* Debug */,
				84312B5B226215B9001E3B14 /* Release */,
			);
			defaultConfigurationIsVisible = 0;
			defaultConfigurationName = Release;
		};
/* End XCConfigurationList section */
	};
	rootObject = 84312B3F226215B6001E3B14 /* Project object */;
}
